
Microsoft Visual Studio Solution File, Format Version 12.00
# Visual Studio Version 16
VisualStudioVersion = 16.0.30804.86
MinimumVisualStudioVersion = 10.0.40219.1
Project("{9A19103F-16F7-4668-BE54-9A1E7A4F7556}") = "TestingProject", "TestingProject\TestingProject.csproj", "{75BCF5F3-F870-40F2-B34D-79C1503536B2}"
EndProject
Project("{FAE04EC0-301F-11D3-BF4B-00C04F79EFBC}") = "SupportLibrary", "SupportLibrary\SupportLibrary.csproj", "{2FA0DF5B-9C55-4CAC-A2E4-F45C03A59E8F}"
EndProject
Global
	GlobalSection(SolutionConfigurationPlatforms) = preSolution
		Debug|Any CPU = Debug|Any CPU
		Release|Any CPU = Release|Any CPU
	EndGlobalSection
	GlobalSection(ProjectConfigurationPlatforms) = postSolution
		{75BCF5F3-F870-40F2-B34D-79C1503536B2}.Debug|Any CPU.ActiveCfg = Debug|Any CPU
		{75BCF5F3-F870-40F2-B34D-79C1503536B2}.Debug|Any CPU.Build.0 = Debug|Any CPU
		{75BCF5F3-F870-40F2-B34D-79C1503536B2}.Release|Any CPU.ActiveCfg = Release|Any CPU
		{75BCF5F3-F870-40F2-B34D-79C1503536B2}.Release|Any CPU.Build.0 = Release|Any CPU
		{2FA0DF5B-9C55-4CAC-A2E4-F45C03A59E8F}.Debug|Any CPU.ActiveCfg = Debug|Any CPU
		{2FA0DF5B-9C55-4CAC-A2E4-F45C03A59E8F}.Debug|Any CPU.Build.0 = Debug|Any CPU
		{2FA0DF5B-9C55-4CAC-A2E4-F45C03A59E8F}.Release|Any CPU.ActiveCfg = Release|Any CPU
		{2FA0DF5B-9C55-4CAC-A2E4-F45C03A59E8F}.Release|Any CPU.Build.0 = Release|Any CPU
	EndGlobalSection
	GlobalSection(SolutionProperties) = preSolution
		HideSolutionNode = FALSE
	EndGlobalSection
	GlobalSection(ExtensibilityGlobals) = postSolution
		SolutionGuid = {4725B68F-38AE-45C6-B687-6B4D61208093}
	EndGlobalSection
EndGlobal
